// !$*UTF8*$!
{
	archiveVersion = 1;
	classes = {
	};
	objectVersion = 55;
	objects = {

/* Begin PBXBuildFile section */
		9630747B295A9A7C00AFE5FC /* CompletedTask.swift in Sources */ = {isa = PBXBuildFile; fileRef = 9630747A295A9A7C00AFE5FC /* CompletedTask.swift */; };
		9630747D295A9CD900AFE5FC /* TaskCategory.swift in Sources */ = {isa = PBXBuildFile; fileRef = 9630747C295A9CD900AFE5FC /* TaskCategory.swift */; };
		96307480295AA04A00AFE5FC /* UtilityExtensions.swift in Sources */ = {isa = PBXBuildFile; fileRef = 9630747F295AA04A00AFE5FC /* UtilityExtensions.swift */; };
		96307482295AA44D00AFE5FC /* TimelineApp.swift in Sources */ = {isa = PBXBuildFile; fileRef = 96307481295AA44D00AFE5FC /* TimelineApp.swift */; };
		96307487295AA54E00AFE5FC /* TimelineView.swift in Sources */ = {isa = PBXBuildFile; fileRef = 96307486295AA54E00AFE5FC /* TimelineView.swift */; };
		96307489295AA6E300AFE5FC /* PlannedTask.swift in Sources */ = {isa = PBXBuildFile; fileRef = 96307488295AA6E300AFE5FC /* PlannedTask.swift */; };
		9630748B295AA87000AFE5FC /* Record.swift in Sources */ = {isa = PBXBuildFile; fileRef = 9630748A295AA87000AFE5FC /* Record.swift */; };
		9630748D295AABED00AFE5FC /* TimelineManager.swift in Sources */ = {isa = PBXBuildFile; fileRef = 9630748C295AABED00AFE5FC /* TimelineManager.swift */; };
		9630748F295AB05700AFE5FC /* TaskCategoryManager.swift in Sources */ = {isa = PBXBuildFile; fileRef = 9630748E295AB05700AFE5FC /* TaskCategoryManager.swift */; };
		96307491295AB0FB00AFE5FC /* Timeline.swift in Sources */ = {isa = PBXBuildFile; fileRef = 96307490295AB0FB00AFE5FC /* Timeline.swift */; };
		96307493295AD70C00AFE5FC /* UtilityViews.swift in Sources */ = {isa = PBXBuildFile; fileRef = 96307492295AD70C00AFE5FC /* UtilityViews.swift */; };
		96307495295AF56B00AFE5FC /* Recordable.swift in Sources */ = {isa = PBXBuildFile; fileRef = 96307494295AF56B00AFE5FC /* Recordable.swift */; };
		96307497295B014300AFE5FC /* TimingView.swift in Sources */ = {isa = PBXBuildFile; fileRef = 96307496295B014300AFE5FC /* TimingView.swift */; };
		B61036CC2959EC44007BC4F6 /* Assets.xcassets in Resources */ = {isa = PBXBuildFile; fileRef = B61036CB2959EC44007BC4F6 /* Assets.xcassets */; };
		B61036CF2959EC44007BC4F6 /* Preview Assets.xcassets in Resources */ = {isa = PBXBuildFile; fileRef = B61036CE2959EC44007BC4F6 /* Preview Assets.xcassets */; };
/* End PBXBuildFile section */

/* Begin PBXFileReference section */
		9630747A295A9A7C00AFE5FC /* CompletedTask.swift */ = {isa = PBXFileReference; lastKnownFileType = sourcecode.swift; path = CompletedTask.swift; sourceTree = "<group>"; };
		9630747C295A9CD900AFE5FC /* TaskCategory.swift */ = {isa = PBXFileReference; lastKnownFileType = sourcecode.swift; path = TaskCategory.swift; sourceTree = "<group>"; };
		9630747F295AA04A00AFE5FC /* UtilityExtensions.swift */ = {isa = PBXFileReference; lastKnownFileType = sourcecode.swift; path = UtilityExtensions.swift; sourceTree = "<group>"; };
		96307481295AA44D00AFE5FC /* TimelineApp.swift */ = {isa = PBXFileReference; lastKnownFileType = sourcecode.swift; name = TimelineApp.swift; path = Timeline/TimelineApp.swift; sourceTree = SOURCE_ROOT; };
		96307486295AA54E00AFE5FC /* TimelineView.swift */ = {isa = PBXFileReference; lastKnownFileType = sourcecode.swift; path = TimelineView.swift; sourceTree = "<group>"; };
		96307488295AA6E300AFE5FC /* PlannedTask.swift */ = {isa = PBXFileReference; lastKnownFileType = sourcecode.swift; path = PlannedTask.swift; sourceTree = "<group>"; };
		9630748A295AA87000AFE5FC /* Record.swift */ = {isa = PBXFileReference; lastKnownFileType = sourcecode.swift; path = Record.swift; sourceTree = "<group>"; };
		9630748C295AABED00AFE5FC /* TimelineManager.swift */ = {isa = PBXFileReference; lastKnownFileType = sourcecode.swift; path = TimelineManager.swift; sourceTree = "<group>"; };
		9630748E295AB05700AFE5FC /* TaskCategoryManager.swift */ = {isa = PBXFileReference; lastKnownFileType = sourcecode.swift; path = TaskCategoryManager.swift; sourceTree = "<group>"; };
		96307490295AB0FB00AFE5FC /* Timeline.swift */ = {isa = PBXFileReference; lastKnownFileType = sourcecode.swift; path = Timeline.swift; sourceTree = "<group>"; };
		96307492295AD70C00AFE5FC /* UtilityViews.swift */ = {isa = PBXFileReference; lastKnownFileType = sourcecode.swift; path = UtilityViews.swift; sourceTree = "<group>"; };
		96307494295AF56B00AFE5FC /* Recordable.swift */ = {isa = PBXFileReference; lastKnownFileType = sourcecode.swift; path = Recordable.swift; sourceTree = "<group>"; };
		96307496295B014300AFE5FC /* TimingView.swift */ = {isa = PBXFileReference; lastKnownFileType = sourcecode.swift; path = TimingView.swift; sourceTree = "<group>"; };
		B61036C42959EC42007BC4F6 /* Timeline.app */ = {isa = PBXFileReference; explicitFileType = wrapper.application; includeInIndex = 0; path = Timeline.app; sourceTree = BUILT_PRODUCTS_DIR; };
		B61036CB2959EC44007BC4F6 /* Assets.xcassets */ = {isa = PBXFileReference; lastKnownFileType = folder.assetcatalog; path = Assets.xcassets; sourceTree = "<group>"; };
		B61036CE2959EC44007BC4F6 /* Preview Assets.xcassets */ = {isa = PBXFileReference; lastKnownFileType = folder.assetcatalog; path = "Preview Assets.xcassets"; sourceTree = "<group>"; };
/* End PBXFileReference section */

/* Begin PBXFrameworksBuildPhase section */
		B61036C12959EC42007BC4F6 /* Frameworks */ = {
			isa = PBXFrameworksBuildPhase;
			buildActionMask = 2147483647;
			files = (
			);
			runOnlyForDeploymentPostprocessing = 0;
		};
/* End PBXFrameworksBuildPhase section */

/* Begin PBXGroup section */
		96307476295A972200AFE5FC /* Model */ = {
			isa = PBXGroup;
			children = (
				9630748C295AABED00AFE5FC /* TimelineManager.swift */,
				9630748E295AB05700AFE5FC /* TaskCategoryManager.swift */,
			);
			path = Model;
			sourceTree = "<group>";
		};
		96307479295A99EB00AFE5FC /* RecordType */ = {
			isa = PBXGroup;
			children = (
				96307494295AF56B00AFE5FC /* Recordable.swift */,
				9630747C295A9CD900AFE5FC /* TaskCategory.swift */,
				9630747A295A9A7C00AFE5FC /* CompletedTask.swift */,
				96307488295AA6E300AFE5FC /* PlannedTask.swift */,
				9630748A295AA87000AFE5FC /* Record.swift */,
			);
			path = RecordType;
			sourceTree = "<group>";
		};
		96307485295AA4EC00AFE5FC /* View */ = {
			isa = PBXGroup;
			children = (
				96307486295AA54E00AFE5FC /* TimelineView.swift */,
				96307496295B014300AFE5FC /* TimingView.swift */,
			);
			path = View;
			sourceTree = "<group>";
		};
		B61036BB2959EC42007BC4F6 = {
			isa = PBXGroup;
			children = (
				B61036C62959EC42007BC4F6 /* Timeline */,
				B61036C52959EC42007BC4F6 /* Products */,
			);
			sourceTree = "<group>";
		};
		B61036C52959EC42007BC4F6 /* Products */ = {
			isa = PBXGroup;
			children = (
				B61036C42959EC42007BC4F6 /* Timeline.app */,
			);
			name = Products;
			sourceTree = "<group>";
		};
		B61036C62959EC42007BC4F6 /* Timeline */ = {
			isa = PBXGroup;
			children = (
				96307479295A99EB00AFE5FC /* RecordType */,
				96307476295A972200AFE5FC /* Model */,
				96307485295AA4EC00AFE5FC /* View */,
				96307490295AB0FB00AFE5FC /* Timeline.swift */,
				96307481295AA44D00AFE5FC /* TimelineApp.swift */,
				96307492295AD70C00AFE5FC /* UtilityViews.swift */,
				9630747F295AA04A00AFE5FC /* UtilityExtensions.swift */,
				B61036CB2959EC44007BC4F6 /* Assets.xcassets */,
				B61036CD2959EC44007BC4F6 /* Preview Content */,
			);
			path = Timeline;
			sourceTree = "<group>";
		};
		B61036CD2959EC44007BC4F6 /* Preview Content */ = {
			isa = PBXGroup;
			children = (
				B61036CE2959EC44007BC4F6 /* Preview Assets.xcassets */,
			);
			path = "Preview Content";
			sourceTree = "<group>";
		};
/* End PBXGroup section */

/* Begin PBXNativeTarget section */
		B61036C32959EC42007BC4F6 /* Timeline */ = {
			isa = PBXNativeTarget;
			buildConfigurationList = B61036D22959EC44007BC4F6 /* Build configuration list for PBXNativeTarget "Timeline" */;
			buildPhases = (
				B61036C02959EC42007BC4F6 /* Sources */,
				B61036C12959EC42007BC4F6 /* Frameworks */,
				B61036C22959EC42007BC4F6 /* Resources */,
			);
			buildRules = (
			);
			dependencies = (
			);
			name = Timeline;
			productName = Timeline;
			productReference = B61036C42959EC42007BC4F6 /* Timeline.app */;
			productType = "com.apple.product-type.application";
		};
/* End PBXNativeTarget section */

/* Begin PBXProject section */
		B61036BC2959EC42007BC4F6 /* Project object */ = {
			isa = PBXProject;
			attributes = {
				BuildIndependentTargetsInParallel = 1;
				LastSwiftUpdateCheck = 1320;
				LastUpgradeCheck = 1320;
				TargetAttributes = {
					B61036C32959EC42007BC4F6 = {
						CreatedOnToolsVersion = 13.2.1;
					};
				};
			};
			buildConfigurationList = B61036BF2959EC42007BC4F6 /* Build configuration list for PBXProject "Timeline" */;
			compatibilityVersion = "Xcode 13.0";
			developmentRegion = en;
			hasScannedForEncodings = 0;
			knownRegions = (
				en,
				Base,
			);
			mainGroup = B61036BB2959EC42007BC4F6;
			productRefGroup = B61036C52959EC42007BC4F6 /* Products */;
			projectDirPath = "";
			projectRoot = "";
			targets = (
				B61036C32959EC42007BC4F6 /* Timeline */,
			);
		};
/* End PBXProject section */

/* Begin PBXResourcesBuildPhase section */
		B61036C22959EC42007BC4F6 /* Resources */ = {
			isa = PBXResourcesBuildPhase;
			buildActionMask = 2147483647;
			files = (
				B61036CF2959EC44007BC4F6 /* Preview Assets.xcassets in Resources */,
				B61036CC2959EC44007BC4F6 /* Assets.xcassets in Resources */,
			);
			runOnlyForDeploymentPostprocessing = 0;
		};
/* End PBXResourcesBuildPhase section */

/* Begin PBXSourcesBuildPhase section */
		B61036C02959EC42007BC4F6 /* Sources */ = {
			isa = PBXSourcesBuildPhase;
			buildActionMask = 2147483647;
			files = (
				9630747D295A9CD900AFE5FC /* TaskCategory.swift in Sources */,
				96307487295AA54E00AFE5FC /* TimelineView.swift in Sources */,
				9630748D295AABED00AFE5FC /* TimelineManager.swift in Sources */,
				96307493295AD70C00AFE5FC /* UtilityViews.swift in Sources */,
				96307480295AA04A00AFE5FC /* UtilityExtensions.swift in Sources */,
				9630748F295AB05700AFE5FC /* TaskCategoryManager.swift in Sources */,
				96307489295AA6E300AFE5FC /* PlannedTask.swift in Sources */,
				9630747B295A9A7C00AFE5FC /* CompletedTask.swift in Sources */,
				96307482295AA44D00AFE5FC /* TimelineApp.swift in Sources */,
				96307491295AB0FB00AFE5FC /* Timeline.swift in Sources */,
				96307497295B014300AFE5FC /* TimingView.swift in Sources */,
				96307495295AF56B00AFE5FC /* Recordable.swift in Sources */,
				9630748B295AA87000AFE5FC /* Record.swift in Sources */,
			);
			runOnlyForDeploymentPostprocessing = 0;
		};
/* End PBXSourcesBuildPhase section */

/* Begin XCBuildConfiguration section */
		B61036D02959EC44007BC4F6 /* Debug */ = {
			isa = XCBuildConfiguration;
			buildSettings = {
				ALWAYS_SEARCH_USER_PATHS = NO;
				CLANG_ANALYZER_NONNULL = YES;
				CLANG_ANALYZER_NUMBER_OBJECT_CONVERSION = YES_AGGRESSIVE;
				CLANG_CXX_LANGUAGE_STANDARD = "gnu++17";
				CLANG_CXX_LIBRARY = "libc++";
				CLANG_ENABLE_MODULES = YES;
				CLANG_ENABLE_OBJC_ARC = YES;
				CLANG_ENABLE_OBJC_WEAK = YES;
				CLANG_WARN_BLOCK_CAPTURE_AUTORELEASING = YES;
				CLANG_WARN_BOOL_CONVERSION = YES;
				CLANG_WARN_COMMA = YES;
				CLANG_WARN_CONSTANT_CONVERSION = YES;
				CLANG_WARN_DEPRECATED_OBJC_IMPLEMENTATIONS = YES;
				CLANG_WARN_DIRECT_OBJC_ISA_USAGE = YES_ERROR;
				CLANG_WARN_DOCUMENTATION_COMMENTS = YES;
				CLANG_WARN_EMPTY_BODY = YES;
				CLANG_WARN_ENUM_CONVERSION = YES;
				CLANG_WARN_INFINITE_RECURSION = YES;
				CLANG_WARN_INT_CONVERSION = YES;
				CLANG_WARN_NON_LITERAL_NULL_CONVERSION = YES;
				CLANG_WARN_OBJC_IMPLICIT_RETAIN_SELF = YES;
				CLANG_WARN_OBJC_LITERAL_CONVERSION = YES;
				CLANG_WARN_OBJC_ROOT_CLASS = YES_ERROR;
				CLANG_WARN_QUOTED_INCLUDE_IN_FRAMEWORK_HEADER = YES;
				CLANG_WARN_RANGE_LOOP_ANALYSIS = YES;
				CLANG_WARN_STRICT_PROTOTYPES = YES;
				CLANG_WARN_SUSPICIOUS_MOVE = YES;
				CLANG_WARN_UNGUARDED_AVAILABILITY = YES_AGGRESSIVE;
				CLANG_WARN_UNREACHABLE_CODE = YES;
				CLANG_WARN__DUPLICATE_METHOD_MATCH = YES;
				COPY_PHASE_STRIP = NO;
				DEBUG_INFORMATION_FORMAT = dwarf;
				ENABLE_STRICT_OBJC_MSGSEND = YES;
				ENABLE_TESTABILITY = YES;
				GCC_C_LANGUAGE_STANDARD = gnu11;
				GCC_DYNAMIC_NO_PIC = NO;
				GCC_NO_COMMON_BLOCKS = YES;
				GCC_OPTIMIZATION_LEVEL = 0;
				GCC_PREPROCESSOR_DEFINITIONS = (
					"DEBUG=1",
					"$(inherited)",
				);
				GCC_WARN_64_TO_32_BIT_CONVERSION = YES;
				GCC_WARN_ABOUT_RETURN_TYPE = YES_ERROR;
				GCC_WARN_UNDECLARED_SELECTOR = YES;
				GCC_WARN_UNINITIALIZED_AUTOS = YES_AGGRESSIVE;
				GCC_WARN_UNUSED_FUNCTION = YES;
				GCC_WARN_UNUSED_VARIABLE = YES;
				IPHONEOS_DEPLOYMENT_TARGET = 15.2;
				MTL_ENABLE_DEBUG_INFO = INCLUDE_SOURCE;
				MTL_FAST_MATH = YES;
				ONLY_ACTIVE_ARCH = YES;
				SDKROOT = iphoneos;
				SWIFT_ACTIVE_COMPILATION_CONDITIONS = DEBUG;
				SWIFT_OPTIMIZATION_LEVEL = "-Onone";
			};
			name = Debug;
		};
		B61036D12959EC44007BC4F6 /* Release */ = {
			isa = XCBuildConfiguration;
			buildSettings = {
				ALWAYS_SEARCH_USER_PATHS = NO;
				CLANG_ANALYZER_NONNULL = YES;
				CLANG_ANALYZER_NUMBER_OBJECT_CONVERSION = YES_AGGRESSIVE;
				CLANG_CXX_LANGUAGE_STANDARD = "gnu++17";
				CLANG_CXX_LIBRARY = "libc++";
				CLANG_ENABLE_MODULES = YES;
				CLANG_ENABLE_OBJC_ARC = YES;
				CLANG_ENABLE_OBJC_WEAK = YES;
				CLANG_WARN_BLOCK_CAPTURE_AUTORELEASING = YES;
				CLANG_WARN_BOOL_CONVERSION = YES;
				CLANG_WARN_COMMA = YES;
				CLANG_WARN_CONSTANT_CONVERSION = YES;
				CLANG_WARN_DEPRECATED_OBJC_IMPLEMENTATIONS = YES;
				CLANG_WARN_DIRECT_OBJC_ISA_USAGE = YES_ERROR;
				CLANG_WARN_DOCUMENTATION_COMMENTS = YES;
				CLANG_WARN_EMPTY_BODY = YES;
				CLANG_WARN_ENUM_CONVERSION = YES;
				CLANG_WARN_INFINITE_RECURSION = YES;
				CLANG_WARN_INT_CONVERSION = YES;
				CLANG_WARN_NON_LITERAL_NULL_CONVERSION = YES;
				CLANG_WARN_OBJC_IMPLICIT_RETAIN_SELF = YES;
				CLANG_WARN_OBJC_LITERAL_CONVERSION = YES;
				CLANG_WARN_OBJC_ROOT_CLASS = YES_ERROR;
				CLANG_WARN_QUOTED_INCLUDE_IN_FRAMEWORK_HEADER = YES;
				CLANG_WARN_RANGE_LOOP_ANALYSIS = YES;
				CLANG_WARN_STRICT_PROTOTYPES = YES;
				CLANG_WARN_SUSPICIOUS_MOVE = YES;
				CLANG_WARN_UNGUARDED_AVAILABILITY = YES_AGGRESSIVE;
				CLANG_WARN_UNREACHABLE_CODE = YES;
				CLANG_WARN__DUPLICATE_METHOD_MATCH = YES;
				COPY_PHASE_STRIP = NO;
				DEBUG_INFORMATION_FORMAT = "dwarf-with-dsym";
				ENABLE_NS_ASSERTIONS = NO;
				ENABLE_STRICT_OBJC_MSGSEND = YES;
				GCC_C_LANGUAGE_STANDARD = gnu11;
				GCC_NO_COMMON_BLOCKS = YES;
				GCC_WARN_64_TO_32_BIT_CONVERSION = YES;
				GCC_WARN_ABOUT_RETURN_TYPE = YES_ERROR;
				GCC_WARN_UNDECLARED_SELECTOR = YES;
				GCC_WARN_UNINITIALIZED_AUTOS = YES_AGGRESSIVE;
				GCC_WARN_UNUSED_FUNCTION = YES;
				GCC_WARN_UNUSED_VARIABLE = YES;
				IPHONEOS_DEPLOYMENT_TARGET = 15.2;
				MTL_ENABLE_DEBUG_INFO = NO;
				MTL_FAST_MATH = YES;
				SDKROOT = iphoneos;
				SWIFT_COMPILATION_MODE = wholemodule;
				SWIFT_OPTIMIZATION_LEVEL = "-O";
				VALIDATE_PRODUCT = YES;
			};
			name = Release;
		};
		B61036D32959EC44007BC4F6 /* Debug */ = {
			isa = XCBuildConfiguration;
			buildSettings = {
				ASSETCATALOG_COMPILER_APPICON_NAME = AppIcon;
				ASSETCATALOG_COMPILER_GLOBAL_ACCENT_COLOR_NAME = AccentColor;
				CODE_SIGN_STYLE = Automatic;
				CURRENT_PROJECT_VERSION = 1;
				DEVELOPMENT_ASSET_PATHS = "\"Timeline/Preview Content\"";
				ENABLE_PREVIEWS = YES;
				GENERATE_INFOPLIST_FILE = YES;
				INFOPLIST_KEY_UIApplicationSceneManifest_Generation = YES;
				INFOPLIST_KEY_UIApplicationSupportsIndirectInputEvents = YES;
				INFOPLIST_KEY_UILaunchScreen_Generation = YES;
				INFOPLIST_KEY_UISupportedInterfaceOrientations_iPad = "UIInterfaceOrientationPortrait UIInterfaceOrientationPortraitUpsideDown UIInterfaceOrientationLandscapeLeft UIInterfaceOrientationLandscapeRight";
				INFOPLIST_KEY_UISupportedInterfaceOrientations_iPhone = "UIInterfaceOrientationPortrait UIInterfaceOrientationLandscapeLeft UIInterfaceOrientationLandscapeRight";
				LD_RUNPATH_SEARCH_PATHS = (
					"$(inherited)",
					"@executable_path/Frameworks",
				);
				MARKETING_VERSION = 1.0;
				PRODUCT_BUNDLE_IDENTIFIER = cn.edu.cugb.Timeline;
				PRODUCT_NAME = "$(TARGET_NAME)";
				SWIFT_EMIT_LOC_STRINGS = YES;
				SWIFT_VERSION = 5.0;
				TARGETED_DEVICE_FAMILY = "1,2";
			};
			name = Debug;
		};
		B61036D42959EC44007BC4F6 /* Release */ = {
			isa = XCBuildConfiguration;
			buildSettings = {
				ASSETCATALOG_COMPILER_APPICON_NAME = AppIcon;
				ASSETCATALOG_COMPILER_GLOBAL_ACCENT_COLOR_NAME = AccentColor;
				CODE_SIGN_STYLE = Automatic;
				CURRENT_PROJECT_VERSION = 1;
				DEVELOPMENT_ASSET_PATHS = "\"Timeline/Preview Content\"";
				ENABLE_PREVIEWS = YES;
				GENERATE_INFOPLIST_FILE = YES;
				INFOPLIST_KEY_UIApplicationSceneManifest_Generation = YES;
				INFOPLIST_KEY_UIApplicationSupportsIndirectInputEvents = YES;
				INFOPLIST_KEY_UILaunchScreen_Generation = YES;
				INFOPLIST_KEY_UISupportedInterfaceOrientations_iPad = "UIInterfaceOrientationPortrait UIInterfaceOrientationPortraitUpsideDown UIInterfaceOrientationLandscapeLeft UIInterfaceOrientationLandscapeRight";
				INFOPLIST_KEY_UISupportedInterfaceOrientations_iPhone = "UIInterfaceOrientationPortrait UIInterfaceOrientationLandscapeLeft UIInterfaceOrientationLandscapeRight";
				LD_RUNPATH_SEARCH_PATHS = (
					"$(inherited)",
					"@executable_path/Frameworks",
				);
				MARKETING_VERSION = 1.0;
				PRODUCT_BUNDLE_IDENTIFIER = cn.edu.cugb.Timeline;
				PRODUCT_NAME = "$(TARGET_NAME)";
				SWIFT_EMIT_LOC_STRINGS = YES;
				SWIFT_VERSION = 5.0;
				TARGETED_DEVICE_FAMILY = "1,2";
			};
			name = Release;
		};
/* End XCBuildConfiguration section */

/* Begin XCConfigurationList section */
		B61036BF2959EC42007BC4F6 /* Build configuration list for PBXProject "Timeline" */ = {
			isa = XCConfigurationList;
			buildConfigurations = (
				B61036D02959EC44007BC4F6 /* Debug */,
				B61036D12959EC44007BC4F6 /* Release */,
			);
			defaultConfigurationIsVisible = 0;
			defaultConfigurationName = Release;
		};
		B61036D22959EC44007BC4F6 /* Build configuration list for PBXNativeTarget "Timeline" */ = {
			isa = XCConfigurationList;
			buildConfigurations = (
				B61036D32959EC44007BC4F6 /* Debug */,
				B61036D42959EC44007BC4F6 /* Release */,
			);
			defaultConfigurationIsVisible = 0;
			defaultConfigurationName = Release;
		};
/* End XCConfigurationList section */
	};
	rootObject = B61036BC2959EC42007BC4F6 /* Project object */;
}
